<?xml version="1.0" encoding="utf-8"?>
<Project ToolsVersion="4.0" xmlns="http://schemas.microsoft.com/developer/msbuild/2003">
  <ItemGroup>
    <Filter Include="Framework">
      <UniqueIdentifier>{4FC737F1-C7A5-4376-A066-2A32D752A2FF}</UniqueIdentifier>
      <Extensions>cpp;c;cc;cxx;def;odl;idl;hpj;bat;asm;asmx</Extensions>
    </Filter>
    <Filter Include="Data">
      <UniqueIdentifier>{4381674d-774f-4d21-9edf-535f57d6698e}</UniqueIdentifier>
    </Filter>
    <Filter Include="Data\Definitions">
      <UniqueIdentifier>{e5e8bf85-1628-40eb-b451-9376ac478fb4}</UniqueIdentifier>
    </Filter>
    <Filter Include="Data\Shaders">
      <UniqueIdentifier>{5a50d78a-11aa-415a-8cfc-a7c3db6b57b0}</UniqueIdentifier>
    </Filter>
    <Filter Include="Framework\Server">
      <UniqueIdentifier>{970bddee-46bb-4ad5-8ccf-96a91caa7823}</UniqueIdentifier>
    </Filter>
    <Filter Include="Framework\Client">
      <UniqueIdentifier>{fc1bd9c5-f8ea-45e4-b05f-149efe8b061c}</UniqueIdentifier>
    </Filter>
  </ItemGroup>
  <ItemGroup>
    <Xml Include="..\..\Run\Data\GameConfig.xml">
      <Filter>Data</Filter>
    </Xml>
  </ItemGroup>
  <ItemGroup>
    <ClCompile Include="App.cpp">
      <Filter>Framework</Filter>
    </ClCompile>
    <ClCompile Include="Game.cpp">
      <Filter>Framework</Filter>
    </ClCompile>
    <ClCompile Include="GameCommon.cpp">
      <Filter>Framework</Filter>
    </ClCompile>
    <ClCompile Include="Main_Windows.cpp">
      <Filter>Framework</Filter>
    </ClCompile>
    <ClCompile Include="World.cpp">
      <Filter>Framework</Filter>
    </ClCompile>
    <ClCompile Include="Map.cpp">
      <Filter>Framework</Filter>
    </ClCompile>
    <ClCompile Include="MapMaterial.cpp">
      <Filter>Framework</Filter>
    </ClCompile>
    <ClCompile Include="MapRegion.cpp">
      <Filter>Framework</Filter>
    </ClCompile>
    <ClCompile Include="TileMap.cpp">
      <Filter>Framework</Filter>
    </ClCompile>
    <ClCompile Include="Tile.cpp">
      <Filter>Framework</Filter>
    </ClCompile>
    <ClCompile Include="Entity.cpp">
      <Filter>Framework</Filter>
    </ClCompile>
    <ClCompile Include="EntityDef.cpp">
      <Filter>Framework</Filter>
    </ClCompile>
    <ClCompile Include="Actor.cpp">
      <Filter>Framework</Filter>
    </ClCompile>
    <ClCompile Include="Portal.cpp">
      <Filter>Framework</Filter>
    </ClCompile>
    <ClCompile Include="Projectile.cpp">
      <Filter>Framework</Filter>
    </ClCompile>
    <ClCompile Include="RaycastResult.cpp">
      <Filter>Framework</Filter>
    </ClCompile>
    <ClCompile Include="RemoteServer.cpp">
      <Filter>Framework\Server</Filter>
    </ClCompile>
    <ClCompile Include="Server.cpp">
      <Filter>Framework\Server</Filter>
    </ClCompile>
    <ClCompile Include="AuthoritativeServer.cpp">
      <Filter>Framework\Server</Filter>
    </ClCompile>
    <ClCompile Include="Client.cpp">
      <Filter>Framework\Client</Filter>
    </ClCompile>
    <ClCompile Include="PlayerClient.cpp">
      <Filter>Framework\Client</Filter>
    </ClCompile>
    <ClCompile Include="RemoteClient.cpp">
      <Filter>Framework\Client</Filter>
    </ClCompile>
    <ClCompile Include="MultiplayerGame.cpp">
      <Filter>Framework</Filter>
    </ClCompile>
  </ItemGroup>
  <ItemGroup>
    <ClInclude Include="App.hpp">
      <Filter>Framework</Filter>
    </ClInclude>
    <ClInclude Include="EngineBuildPreferences.hpp">
      <Filter>Framework</Filter>
    </ClInclude>
    <ClInclude Include="Game.hpp">
      <Filter>Framework</Filter>
    </ClInclude>
    <ClInclude Include="GameCommon.hpp">
      <Filter>Framework</Filter>
    </ClInclude>
    <ClInclude Include="World.hpp">
      <Filter>Framework</Filter>
    </ClInclude>
    <ClInclude Include="Map.hpp">
      <Filter>Framework</Filter>
    </ClInclude>
    <ClInclude Include="Tile.hpp">
      <Filter>Framework</Filter>
    </ClInclude>
    <ClInclude Include="MapMaterial.hpp">
      <Filter>Framework</Filter>
    </ClInclude>
    <ClInclude Include="MapRegion.hpp">
      <Filter>Framework</Filter>
    </ClInclude>
    <ClInclude Include="TileMap.hpp">
      <Filter>Framework</Filter>
    </ClInclude>
    <ClInclude Include="Entity.hpp">
      <Filter>Framework</Filter>
    </ClInclude>
    <ClInclude Include="EntityDef.hpp">
      <Filter>Framework</Filter>
    </ClInclude>
    <ClInclude Include="Actor.hpp">
      <Filter>Framework</Filter>
    </ClInclude>
    <ClInclude Include="Portal.hpp">
      <Filter>Framework</Filter>
    </ClInclude>
    <ClInclude Include="Projectile.hpp">
      <Filter>Framework</Filter>
    </ClInclude>
    <ClInclude Include="RaycastResult.hpp">
      <Filter>Framework</Filter>
    </ClInclude>
    <ClInclude Include="RemoteServer.hpp">
      <Filter>Framework\Server</Filter>
    </ClInclude>
    <ClInclude Include="Server.hpp">
      <Filter>Framework\Server</Filter>
    </ClInclude>
    <ClInclude Include="AuthoritativeServer.hpp">
      <Filter>Framework\Server</Filter>
    </ClInclude>
    <ClInclude Include="Client.hpp">
      <Filter>Framework\Client</Filter>
    </ClInclude>
    <ClInclude Include="PlayerClient.hpp">
      <Filter>Framework\Client</Filter>
    </ClInclude>
    <ClInclude Include="RemoteClient.hpp">
      <Filter>Framework\Client</Filter>
    </ClInclude>
    <ClInclude Include="SinglePlayerGame.hpp">
      <Filter>Framework</Filter>
    </ClInclude>
    <ClInclude Include="MultiplayerGame.hpp">
      <Filter>Framework</Filter>
    </ClInclude>
  </ItemGroup>
</Project>