<?xml version="1.0" encoding="utf-8"?>
<Project ToolsVersion="4.0" xmlns="http://schemas.microsoft.com/developer/msbuild/2003">
  <ItemGroup>
    <Filter Include="Framework">
      <UniqueIdentifier>{4FC737F1-C7A5-4376-A066-2A32D752A2FF}</UniqueIdentifier>
      <Extensions>cpp;c;cc;cxx;def;odl;idl;hpj;bat;asm;asmx</Extensions>
    </Filter>
    <Filter Include="Data">
      <UniqueIdentifier>{4381674d-774f-4d21-9edf-535f57d6698e}</UniqueIdentifier>
    </Filter>
    <Filter Include="Data\Definitions">
      <UniqueIdentifier>{e5e8bf85-1628-40eb-b451-9376ac478fb4}</UniqueIdentifier>
    </Filter>
    <Filter Include="Data\Shaders">
      <UniqueIdentifier>{5a50d78a-11aa-415a-8cfc-a7c3db6b57b0}</UniqueIdentifier>
    </Filter>
    <Filter Include="Notes">
      <UniqueIdentifier>{e122f428-bd39-45b8-be61-146d1cd499bf}</UniqueIdentifier>
    </Filter>
  </ItemGroup>
  <ItemGroup>
    <Xml Include="..\..\Run\Data\GameConfig.xml">
      <Filter>Data</Filter>
    </Xml>
  </ItemGroup>
  <ItemGroup>
    <ClCompile Include="App.cpp">
      <Filter>Framework</Filter>
    </ClCompile>
    <ClCompile Include="Game.cpp">
      <Filter>Framework</Filter>
    </ClCompile>
    <ClCompile Include="GameCommon.cpp">
      <Filter>Framework</Filter>
    </ClCompile>
    <ClCompile Include="Main_Windows.cpp">
      <Filter>Framework</Filter>
    </ClCompile>
    <ClCompile Include="WaveSimulation.cpp">
      <Filter>Framework</Filter>
    </ClCompile>
    <ClCompile Include="GerstnerWaveSimulation.cpp">
      <Filter>Framework</Filter>
    </ClCompile>
    <ClCompile Include="FFTWaveSimulation.cpp">
      <Filter>Framework</Filter>
    </ClCompile>
    <ClCompile Include="DFTWaveSimulation.cpp">
      <Filter>Framework</Filter>
    </ClCompile>
    <ClCompile Include="WaveSurfaceVertex.cpp">
      <Filter>Framework</Filter>
    </ClCompile>
    <ClCompile Include="IWave.cpp">
      <Filter>Framework</Filter>
    </ClCompile>
    <ClCompile Include="WaterObject.cpp">
      <Filter>Framework</Filter>
    </ClCompile>
    <ClCompile Include="TextureCube.cpp">
      <Filter>Framework</Filter>
    </ClCompile>
    <ClCompile Include="FFTJob.cpp">
      <Filter>Framework</Filter>
    </ClCompile>
    <ClCompile Include="Vertex_Ocean.cpp">
      <Filter>Framework</Filter>
    </ClCompile>
  </ItemGroup>
  <ItemGroup>
    <ClInclude Include="App.hpp">
      <Filter>Framework</Filter>
    </ClInclude>
    <ClInclude Include="EngineBuildPreferences.hpp">
      <Filter>Framework</Filter>
    </ClInclude>
    <ClInclude Include="Game.hpp">
      <Filter>Framework</Filter>
    </ClInclude>
    <ClInclude Include="GameCommon.hpp">
      <Filter>Framework</Filter>
    </ClInclude>
    <ClInclude Include="WaveSimulation.hpp">
      <Filter>Framework</Filter>
    </ClInclude>
    <ClInclude Include="GerstnerWaveSimulation.hpp">
      <Filter>Framework</Filter>
    </ClInclude>
    <ClInclude Include="FFTWaveSimulation.hpp">
      <Filter>Framework</Filter>
    </ClInclude>
    <ClInclude Include="DFTWaveSimulation.hpp">
      <Filter>Framework</Filter>
    </ClInclude>
    <ClInclude Include="WaveSurfaceVertex.hpp">
      <Filter>Framework</Filter>
    </ClInclude>
    <ClInclude Include="IWave.hpp">
      <Filter>Framework</Filter>
    </ClInclude>
    <ClInclude Include="WaterObject.hpp">
      <Filter>Framework</Filter>
    </ClInclude>
    <ClInclude Include="TextureCube.hpp">
      <Filter>Framework</Filter>
    </ClInclude>
    <ClInclude Include="FFTJob.hpp">
      <Filter>Framework</Filter>
    </ClInclude>
    <ClInclude Include="Vertex_Ocean.hpp">
      <Filter>Framework</Filter>
    </ClInclude>
  </ItemGroup>
  <ItemGroup>
    <Text Include="..\..\Docs\Notes.txt">
      <Filter>Notes</Filter>
    </Text>
  </ItemGroup>
</Project>